
Microsoft Visual Studio Solution File, Format Version 12.00
# Visual Studio Version 17
VisualStudioVersion = 17.2.32616.157
MinimumVisualStudioVersion = 10.0.40219.1
Project("{FAE04EC0-301F-11D3-BF4B-00C04F79EFBC}") = "FormlarArasiVeriTasimaOdev", "FormlarArasiVeriTasimaOdev\FormlarArasiVeriTasimaOdev.csproj", "{683B22BF-DD93-477B-A7DC-9725EEB53CF5}"
EndProject
Global
	GlobalSection(SolutionConfigurationPlatforms) = preSolution
		Debug|Any CPU = Debug|Any CPU
		Release|Any CPU = Release|Any CPU
	EndGlobalSection
	GlobalSection(ProjectConfigurationPlatforms) = postSolution
		{683B22BF-DD93-477B-A7DC-9725EEB53CF5}.Debug|Any CPU.ActiveCfg = Debug|Any CPU
		{683B22BF-DD93-477B-A7DC-9725EEB53CF5}.Debug|Any CPU.Build.0 = Debug|Any CPU
		{683B22BF-DD93-477B-A7DC-9725EEB53CF5}.Release|Any CPU.ActiveCfg = Release|Any CPU
		{683B22BF-DD93-477B-A7DC-9725EEB53CF5}.Release|Any CPU.Build.0 = Release|Any CPU
	EndGlobalSection
	GlobalSection(SolutionProperties) = preSolution
		HideSolutionNode = FALSE
	EndGlobalSection
	GlobalSection(ExtensibilityGlobals) = postSolution
		SolutionGuid = {C89F34AF-516D-4201-A96B-9AC941CE0CB5}
	EndGlobalSection
EndGlobal
